
Microsoft Visual Studio Solution File, Format Version 12.00
# Visual Studio Version 17
VisualStudioVersion = 17.0.31903.59
MinimumVisualStudioVersion = 10.0.40219.1
Project("{FAE04EC0-301F-11D3-BF4B-00C04F79EFBC}") = "ETicaretApp", "ETicaretApp\ETicaretApp.csproj", "{FF3FBE95-3842-4BE4-9C9F-D715141FB36E}"
EndProject
Project("{FAE04EC0-301F-11D3-BF4B-00C04F79EFBC}") = "Entities", "Entities\Entities.csproj", "{474DCE41-C70D-46A5-9178-043BDE8CF99F}"
EndProject
Project("{FAE04EC0-301F-11D3-BF4B-00C04F79EFBC}") = "Repositories", "Repositories\Repositories.csproj", "{D526DA44-CA1D-4143-97A2-40B99D7652C8}"
EndProject
Project("{FAE04EC0-301F-11D3-BF4B-00C04F79EFBC}") = "Services", "Services\Services.csproj", "{1F3ABFEC-4BDC-42FA-AFD3-F67303DFB06B}"
EndProject
Global
	GlobalSection(SolutionConfigurationPlatforms) = preSolution
		Debug|Any CPU = Debug|Any CPU
		Release|Any CPU = Release|Any CPU
	EndGlobalSection
	GlobalSection(SolutionProperties) = preSolution
		HideSolutionNode = FALSE
	EndGlobalSection
	GlobalSection(ProjectConfigurationPlatforms) = postSolution
		{FF3FBE95-3842-4BE4-9C9F-D715141FB36E}.Debug|Any CPU.ActiveCfg = Debug|Any CPU
		{FF3FBE95-3842-4BE4-9C9F-D715141FB36E}.Debug|Any CPU.Build.0 = Debug|Any CPU
		{FF3FBE95-3842-4BE4-9C9F-D715141FB36E}.Release|Any CPU.ActiveCfg = Release|Any CPU
		{FF3FBE95-3842-4BE4-9C9F-D715141FB36E}.Release|Any CPU.Build.0 = Release|Any CPU
		{474DCE41-C70D-46A5-9178-043BDE8CF99F}.Debug|Any CPU.ActiveCfg = Debug|Any CPU
		{474DCE41-C70D-46A5-9178-043BDE8CF99F}.Debug|Any CPU.Build.0 = Debug|Any CPU
		{474DCE41-C70D-46A5-9178-043BDE8CF99F}.Release|Any CPU.ActiveCfg = Release|Any CPU
		{474DCE41-C70D-46A5-9178-043BDE8CF99F}.Release|Any CPU.Build.0 = Release|Any CPU
		{D526DA44-CA1D-4143-97A2-40B99D7652C8}.Debug|Any CPU.ActiveCfg = Debug|Any CPU
		{D526DA44-CA1D-4143-97A2-40B99D7652C8}.Debug|Any CPU.Build.0 = Debug|Any CPU
		{D526DA44-CA1D-4143-97A2-40B99D7652C8}.Release|Any CPU.ActiveCfg = Release|Any CPU
		{D526DA44-CA1D-4143-97A2-40B99D7652C8}.Release|Any CPU.Build.0 = Release|Any CPU
		{1F3ABFEC-4BDC-42FA-AFD3-F67303DFB06B}.Debug|Any CPU.ActiveCfg = Debug|Any CPU
		{1F3ABFEC-4BDC-42FA-AFD3-F67303DFB06B}.Debug|Any CPU.Build.0 = Debug|Any CPU
		{1F3ABFEC-4BDC-42FA-AFD3-F67303DFB06B}.Release|Any CPU.ActiveCfg = Release|Any CPU
		{1F3ABFEC-4BDC-42FA-AFD3-F67303DFB06B}.Release|Any CPU.Build.0 = Release|Any CPU
	EndGlobalSection
EndGlobal
